// !$*UTF8*$!
{
	archiveVersion = 1;
	classes = {
	};
	objectVersion = 56;
	objects = {

/* Begin PBXBuildFile section */
		EB243E832AB6A00900D1FB73 /* MovieListViewController.swift in Sources */ = {isa = PBXBuildFile; fileRef = EB243E822AB6A00900D1FB73 /* MovieListViewController.swift */; };
		EB55F6E42AB53C60003C1D8F /* AppDelegate.swift in Sources */ = {isa = PBXBuildFile; fileRef = EB55F6E32AB53C60003C1D8F /* AppDelegate.swift */; };
		EB55F6E82AB53C60003C1D8F /* MovieDatabaseViewController.swift in Sources */ = {isa = PBXBuildFile; fileRef = EB55F6E72AB53C60003C1D8F /* MovieDatabaseViewController.swift */; };
		EB55F6EB2AB53C60003C1D8F /* Main.storyboard in Resources */ = {isa = PBXBuildFile; fileRef = EB55F6E92AB53C60003C1D8F /* Main.storyboard */; };
		EB55F6ED2AB53C63003C1D8F /* Assets.xcassets in Resources */ = {isa = PBXBuildFile; fileRef = EB55F6EC2AB53C63003C1D8F /* Assets.xcassets */; };
		EB55F6F02AB53C63003C1D8F /* LaunchScreen.storyboard in Resources */ = {isa = PBXBuildFile; fileRef = EB55F6EE2AB53C63003C1D8F /* LaunchScreen.storyboard */; };
		EB55F6F82AB56AC7003C1D8F /* movies.json in Resources */ = {isa = PBXBuildFile; fileRef = EB55F6F72AB56AC7003C1D8F /* movies.json */; };
		EB55F6FA2AB57F1F003C1D8F /* NetworkManager.swift in Sources */ = {isa = PBXBuildFile; fileRef = EB55F6F92AB57F1F003C1D8F /* NetworkManager.swift */; };
		EB55F6FC2AB581B9003C1D8F /* MovieDatabaseViewModel.swift in Sources */ = {isa = PBXBuildFile; fileRef = EB55F6FB2AB581B9003C1D8F /* MovieDatabaseViewModel.swift */; };
		EB55F6FE2AB58232003C1D8F /* MovieDatabaseModel.swift in Sources */ = {isa = PBXBuildFile; fileRef = EB55F6FD2AB58232003C1D8F /* MovieDatabaseModel.swift */; };
		EB55F7012AB599EF003C1D8F /* ObservableObject.swift in Sources */ = {isa = PBXBuildFile; fileRef = EB55F7002AB599EF003C1D8F /* ObservableObject.swift */; };
		EB55F7032AB5BF2A003C1D8F /* HeaderView.swift in Sources */ = {isa = PBXBuildFile; fileRef = EB55F7022AB5BF2A003C1D8F /* HeaderView.swift */; };
		EB55F7052AB5DB2E003C1D8F /* String + Extension.swift in Sources */ = {isa = PBXBuildFile; fileRef = EB55F7042AB5DB2E003C1D8F /* String + Extension.swift */; };
		EB55F7072AB5ED45003C1D8F /* MovieDetailsTableViewCell.swift in Sources */ = {isa = PBXBuildFile; fileRef = EB55F7062AB5ED45003C1D8F /* MovieDetailsTableViewCell.swift */; };
		EB55F7092AB5F47F003C1D8F /* MoviewDetailsCellViewModel.swift in Sources */ = {isa = PBXBuildFile; fileRef = EB55F7082AB5F47F003C1D8F /* MoviewDetailsCellViewModel.swift */; };
		EB55F70B2AB61D4A003C1D8F /* MoviewDetailsViewController.swift in Sources */ = {isa = PBXBuildFile; fileRef = EB55F70A2AB61D4A003C1D8F /* MoviewDetailsViewController.swift */; };
		EB55F70D2AB61E11003C1D8F /* RatingTableViewCell.swift in Sources */ = {isa = PBXBuildFile; fileRef = EB55F70C2AB61E11003C1D8F /* RatingTableViewCell.swift */; };
		EB55F70F2AB61F58003C1D8F /* RatingCollectionViewCell.swift in Sources */ = {isa = PBXBuildFile; fileRef = EB55F70E2AB61F58003C1D8F /* RatingCollectionViewCell.swift */; };
		EB55F7112AB63662003C1D8F /* MoviewDetailsViewModel.swift in Sources */ = {isa = PBXBuildFile; fileRef = EB55F7102AB63662003C1D8F /* MoviewDetailsViewModel.swift */; };
		EBDE59382ABDA66E00A15330 /* TableViewCellProtocol.swift in Sources */ = {isa = PBXBuildFile; fileRef = EBDE59372ABDA66E00A15330 /* TableViewCellProtocol.swift */; };
		EBDE593A2ABDA78400A15330 /* LableTableViewCell.swift in Sources */ = {isa = PBXBuildFile; fileRef = EBDE59392ABDA78400A15330 /* LableTableViewCell.swift */; };
		EBDE593C2ABE027100A15330 /* Constants.swift in Sources */ = {isa = PBXBuildFile; fileRef = EBDE593B2ABE027100A15330 /* Constants.swift */; };
/* End PBXBuildFile section */

/* Begin PBXFileReference section */
		EB243E822AB6A00900D1FB73 /* MovieListViewController.swift */ = {isa = PBXFileReference; lastKnownFileType = sourcecode.swift; path = MovieListViewController.swift; sourceTree = "<group>"; };
		EB55F6E02AB53C60003C1D8F /* Movies.app */ = {isa = PBXFileReference; explicitFileType = wrapper.application; includeInIndex = 0; path = Movies.app; sourceTree = BUILT_PRODUCTS_DIR; };
		EB55F6E32AB53C60003C1D8F /* AppDelegate.swift */ = {isa = PBXFileReference; lastKnownFileType = sourcecode.swift; path = AppDelegate.swift; sourceTree = "<group>"; };
		EB55F6E72AB53C60003C1D8F /* MovieDatabaseViewController.swift */ = {isa = PBXFileReference; lastKnownFileType = sourcecode.swift; path = MovieDatabaseViewController.swift; sourceTree = "<group>"; usesTabs = 0; };
		EB55F6EA2AB53C60003C1D8F /* Base */ = {isa = PBXFileReference; lastKnownFileType = file.storyboard; name = Base; path = Base.lproj/Main.storyboard; sourceTree = "<group>"; };
		EB55F6EC2AB53C63003C1D8F /* Assets.xcassets */ = {isa = PBXFileReference; lastKnownFileType = folder.assetcatalog; path = Assets.xcassets; sourceTree = "<group>"; };
		EB55F6EF2AB53C63003C1D8F /* Base */ = {isa = PBXFileReference; lastKnownFileType = file.storyboard; name = Base; path = Base.lproj/LaunchScreen.storyboard; sourceTree = "<group>"; };
		EB55F6F12AB53C63003C1D8F /* Info.plist */ = {isa = PBXFileReference; lastKnownFileType = text.plist.xml; path = Info.plist; sourceTree = "<group>"; };
		EB55F6F72AB56AC7003C1D8F /* movies.json */ = {isa = PBXFileReference; fileEncoding = 4; lastKnownFileType = text.json; path = movies.json; sourceTree = "<group>"; };
		EB55F6F92AB57F1F003C1D8F /* NetworkManager.swift */ = {isa = PBXFileReference; lastKnownFileType = sourcecode.swift; path = NetworkManager.swift; sourceTree = "<group>"; };
		EB55F6FB2AB581B9003C1D8F /* MovieDatabaseViewModel.swift */ = {isa = PBXFileReference; lastKnownFileType = sourcecode.swift; path = MovieDatabaseViewModel.swift; sourceTree = "<group>"; };
		EB55F6FD2AB58232003C1D8F /* MovieDatabaseModel.swift */ = {isa = PBXFileReference; lastKnownFileType = sourcecode.swift; path = MovieDatabaseModel.swift; sourceTree = "<group>"; };
		EB55F7002AB599EF003C1D8F /* ObservableObject.swift */ = {isa = PBXFileReference; lastKnownFileType = sourcecode.swift; path = ObservableObject.swift; sourceTree = "<group>"; };
		EB55F7022AB5BF2A003C1D8F /* HeaderView.swift */ = {isa = PBXFileReference; lastKnownFileType = sourcecode.swift; path = HeaderView.swift; sourceTree = "<group>"; };
		EB55F7042AB5DB2E003C1D8F /* String + Extension.swift */ = {isa = PBXFileReference; lastKnownFileType = sourcecode.swift; path = "String + Extension.swift"; sourceTree = "<group>"; };
		EB55F7062AB5ED45003C1D8F /* MovieDetailsTableViewCell.swift */ = {isa = PBXFileReference; lastKnownFileType = sourcecode.swift; path = MovieDetailsTableViewCell.swift; sourceTree = "<group>"; };
		EB55F7082AB5F47F003C1D8F /* MoviewDetailsCellViewModel.swift */ = {isa = PBXFileReference; lastKnownFileType = sourcecode.swift; path = MoviewDetailsCellViewModel.swift; sourceTree = "<group>"; };
		EB55F70A2AB61D4A003C1D8F /* MoviewDetailsViewController.swift */ = {isa = PBXFileReference; lastKnownFileType = sourcecode.swift; path = MoviewDetailsViewController.swift; sourceTree = "<group>"; };
		EB55F70C2AB61E11003C1D8F /* RatingTableViewCell.swift */ = {isa = PBXFileReference; lastKnownFileType = sourcecode.swift; path = RatingTableViewCell.swift; sourceTree = "<group>"; };
		EB55F70E2AB61F58003C1D8F /* RatingCollectionViewCell.swift */ = {isa = PBXFileReference; lastKnownFileType = sourcecode.swift; path = RatingCollectionViewCell.swift; sourceTree = "<group>"; };
		EB55F7102AB63662003C1D8F /* MoviewDetailsViewModel.swift */ = {isa = PBXFileReference; lastKnownFileType = sourcecode.swift; path = MoviewDetailsViewModel.swift; sourceTree = "<group>"; };
		EBDE59372ABDA66E00A15330 /* TableViewCellProtocol.swift */ = {isa = PBXFileReference; lastKnownFileType = sourcecode.swift; path = TableViewCellProtocol.swift; sourceTree = "<group>"; };
		EBDE59392ABDA78400A15330 /* LableTableViewCell.swift */ = {isa = PBXFileReference; lastKnownFileType = sourcecode.swift; path = LableTableViewCell.swift; sourceTree = "<group>"; };
		EBDE593B2ABE027100A15330 /* Constants.swift */ = {isa = PBXFileReference; lastKnownFileType = sourcecode.swift; path = Constants.swift; sourceTree = "<group>"; };
/* End PBXFileReference section */

/* Begin PBXFrameworksBuildPhase section */
		EB55F6DD2AB53C60003C1D8F /* Frameworks */ = {
			isa = PBXFrameworksBuildPhase;
			buildActionMask = 2147483647;
			files = (
			);
			runOnlyForDeploymentPostprocessing = 0;
		};
/* End PBXFrameworksBuildPhase section */

/* Begin PBXGroup section */
		EB243E812AB69AAA00D1FB73 /* MovieDetailsScreen */ = {
			isa = PBXGroup;
			children = (
				EB55F70A2AB61D4A003C1D8F /* MoviewDetailsViewController.swift */,
				EB55F7102AB63662003C1D8F /* MoviewDetailsViewModel.swift */,
				EB243E882AB6B53A00D1FB73 /* TableViewCell */,
				EB243E892AB6B54600D1FB73 /* CollectionViewCells */,
			);
			path = MovieDetailsScreen;
			sourceTree = "<group>";
		};
		EB243E842AB6A02700D1FB73 /* MovieListScren */ = {
			isa = PBXGroup;
			children = (
				EB243E822AB6A00900D1FB73 /* MovieListViewController.swift */,
			);
			path = MovieListScren;
			sourceTree = "<group>";
		};
		EB243E852AB6B4AA00D1FB73 /* Models */ = {
			isa = PBXGroup;
			children = (
				EB55F6FD2AB58232003C1D8F /* MovieDatabaseModel.swift */,
			);
			path = Models;
			sourceTree = "<group>";
		};
		EB243E862AB6B4CC00D1FB73 /* TableViewCells */ = {
			isa = PBXGroup;
			children = (
				EB55F7062AB5ED45003C1D8F /* MovieDetailsTableViewCell.swift */,
				EB55F7082AB5F47F003C1D8F /* MoviewDetailsCellViewModel.swift */,
				EBDE59392ABDA78400A15330 /* LableTableViewCell.swift */,
				EBDE59372ABDA66E00A15330 /* TableViewCellProtocol.swift */,
			);
			path = TableViewCells;
			sourceTree = "<group>";
		};
		EB243E872AB6B4E100D1FB73 /* CustomViews */ = {
			isa = PBXGroup;
			children = (
				EB55F7022AB5BF2A003C1D8F /* HeaderView.swift */,
			);
			path = CustomViews;
			sourceTree = "<group>";
		};
		EB243E882AB6B53A00D1FB73 /* TableViewCell */ = {
			isa = PBXGroup;
			children = (
				EB55F70C2AB61E11003C1D8F /* RatingTableViewCell.swift */,
			);
			path = TableViewCell;
			sourceTree = "<group>";
		};
		EB243E892AB6B54600D1FB73 /* CollectionViewCells */ = {
			isa = PBXGroup;
			children = (
				EB55F70E2AB61F58003C1D8F /* RatingCollectionViewCell.swift */,
			);
			path = CollectionViewCells;
			sourceTree = "<group>";
		};
		EB243E8A2AB6B5B800D1FB73 /* NetworkService */ = {
			isa = PBXGroup;
			children = (
				EB55F6F92AB57F1F003C1D8F /* NetworkManager.swift */,
			);
			path = NetworkService;
			sourceTree = "<group>";
		};
		EB243E8B2AB6B5D700D1FB73 /* Helpers */ = {
			isa = PBXGroup;
			children = (
				EB55F7042AB5DB2E003C1D8F /* String + Extension.swift */,
				EBDE593B2ABE027100A15330 /* Constants.swift */,
			);
			path = Helpers;
			sourceTree = "<group>";
		};
		EB243E8C2AB6B5F100D1FB73 /* Observers */ = {
			isa = PBXGroup;
			children = (
				EB55F7002AB599EF003C1D8F /* ObservableObject.swift */,
			);
			path = Observers;
			sourceTree = "<group>";
		};
		EB243E8D2AB6B60A00D1FB73 /* StoryBoard */ = {
			isa = PBXGroup;
			children = (
				EB55F6EE2AB53C63003C1D8F /* LaunchScreen.storyboard */,
				EB55F6E92AB53C60003C1D8F /* Main.storyboard */,
			);
			path = StoryBoard;
			sourceTree = "<group>";
		};
		EB243E8E2AB6B62A00D1FB73 /* JsonFile */ = {
			isa = PBXGroup;
			children = (
				EB55F6F72AB56AC7003C1D8F /* movies.json */,
			);
			path = JsonFile;
			sourceTree = "<group>";
		};
		EB55F6D72AB53C60003C1D8F = {
			isa = PBXGroup;
			children = (
				EB55F6E22AB53C60003C1D8F /* Movies */,
				EB55F6E12AB53C60003C1D8F /* Products */,
			);
			sourceTree = "<group>";
		};
		EB55F6E12AB53C60003C1D8F /* Products */ = {
			isa = PBXGroup;
			children = (
				EB55F6E02AB53C60003C1D8F /* Movies.app */,
			);
			name = Products;
			sourceTree = "<group>";
		};
		EB55F6E22AB53C60003C1D8F /* Movies */ = {
			isa = PBXGroup;
			children = (
				EB55F6E32AB53C60003C1D8F /* AppDelegate.swift */,
				EB243E8C2AB6B5F100D1FB73 /* Observers */,
				EB243E8B2AB6B5D700D1FB73 /* Helpers */,
				EB243E8A2AB6B5B800D1FB73 /* NetworkService */,
				EB243E852AB6B4AA00D1FB73 /* Models */,
				EB55F6FF2AB5824B003C1D8F /* MoviewDataBase */,
				EB243E812AB69AAA00D1FB73 /* MovieDetailsScreen */,
				EB243E842AB6A02700D1FB73 /* MovieListScren */,
				EB243E8D2AB6B60A00D1FB73 /* StoryBoard */,
				EB243E8E2AB6B62A00D1FB73 /* JsonFile */,
				EB55F6EC2AB53C63003C1D8F /* Assets.xcassets */,
				EB55F6F12AB53C63003C1D8F /* Info.plist */,
			);
			path = Movies;
			sourceTree = "<group>";
		};
		EB55F6FF2AB5824B003C1D8F /* MoviewDataBase */ = {
			isa = PBXGroup;
			children = (
				EB55F6E72AB53C60003C1D8F /* MovieDatabaseViewController.swift */,
				EB55F6FB2AB581B9003C1D8F /* MovieDatabaseViewModel.swift */,
				EB243E872AB6B4E100D1FB73 /* CustomViews */,
				EB243E862AB6B4CC00D1FB73 /* TableViewCells */,
			);
			path = MoviewDataBase;
			sourceTree = "<group>";
		};
/* End PBXGroup section */

/* Begin PBXNativeTarget section */
		EB55F6DF2AB53C60003C1D8F /* Movies */ = {
			isa = PBXNativeTarget;
			buildConfigurationList = EB55F6F42AB53C63003C1D8F /* Build configuration list for PBXNativeTarget "Movies" */;
			buildPhases = (
				EB55F6DC2AB53C60003C1D8F /* Sources */,
				EB55F6DD2AB53C60003C1D8F /* Frameworks */,
				EB55F6DE2AB53C60003C1D8F /* Resources */,
			);
			buildRules = (
			);
			dependencies = (
			);
			name = Movies;
			productName = Movies;
			productReference = EB55F6E02AB53C60003C1D8F /* Movies.app */;
			productType = "com.apple.product-type.application";
		};
/* End PBXNativeTarget section */

/* Begin PBXProject section */
		EB55F6D82AB53C60003C1D8F /* Project object */ = {
			isa = PBXProject;
			attributes = {
				BuildIndependentTargetsInParallel = 1;
				LastSwiftUpdateCheck = 1430;
				LastUpgradeCheck = 1430;
				TargetAttributes = {
					EB55F6DF2AB53C60003C1D8F = {
						CreatedOnToolsVersion = 14.3.1;
					};
				};
			};
			buildConfigurationList = EB55F6DB2AB53C60003C1D8F /* Build configuration list for PBXProject "Movies" */;
			compatibilityVersion = "Xcode 14.0";
			developmentRegion = en;
			hasScannedForEncodings = 0;
			knownRegions = (
				en,
				Base,
			);
			mainGroup = EB55F6D72AB53C60003C1D8F;
			productRefGroup = EB55F6E12AB53C60003C1D8F /* Products */;
			projectDirPath = "";
			projectRoot = "";
			targets = (
				EB55F6DF2AB53C60003C1D8F /* Movies */,
			);
		};
/* End PBXProject section */

/* Begin PBXResourcesBuildPhase section */
		EB55F6DE2AB53C60003C1D8F /* Resources */ = {
			isa = PBXResourcesBuildPhase;
			buildActionMask = 2147483647;
			files = (
				EB55F6F02AB53C63003C1D8F /* LaunchScreen.storyboard in Resources */,
				EB55F6ED2AB53C63003C1D8F /* Assets.xcassets in Resources */,
				EB55F6F82AB56AC7003C1D8F /* movies.json in Resources */,
				EB55F6EB2AB53C60003C1D8F /* Main.storyboard in Resources */,
			);
			runOnlyForDeploymentPostprocessing = 0;
		};
/* End PBXResourcesBuildPhase section */

/* Begin PBXSourcesBuildPhase section */
		EB55F6DC2AB53C60003C1D8F /* Sources */ = {
			isa = PBXSourcesBuildPhase;
			buildActionMask = 2147483647;
			files = (
				EB55F7092AB5F47F003C1D8F /* MoviewDetailsCellViewModel.swift in Sources */,
				EB55F6FC2AB581B9003C1D8F /* MovieDatabaseViewModel.swift in Sources */,
				EB55F70F2AB61F58003C1D8F /* RatingCollectionViewCell.swift in Sources */,
				EB55F6FA2AB57F1F003C1D8F /* NetworkManager.swift in Sources */,
				EB55F7052AB5DB2E003C1D8F /* String + Extension.swift in Sources */,
				EB55F7072AB5ED45003C1D8F /* MovieDetailsTableViewCell.swift in Sources */,
				EB243E832AB6A00900D1FB73 /* MovieListViewController.swift in Sources */,
				EB55F6E82AB53C60003C1D8F /* MovieDatabaseViewController.swift in Sources */,
				EBDE593A2ABDA78400A15330 /* LableTableViewCell.swift in Sources */,
				EB55F70B2AB61D4A003C1D8F /* MoviewDetailsViewController.swift in Sources */,
				EB55F6FE2AB58232003C1D8F /* MovieDatabaseModel.swift in Sources */,
				EB55F70D2AB61E11003C1D8F /* RatingTableViewCell.swift in Sources */,
				EBDE59382ABDA66E00A15330 /* TableViewCellProtocol.swift in Sources */,
				EB55F7112AB63662003C1D8F /* MoviewDetailsViewModel.swift in Sources */,
				EB55F6E42AB53C60003C1D8F /* AppDelegate.swift in Sources */,
				EB55F7012AB599EF003C1D8F /* ObservableObject.swift in Sources */,
				EB55F7032AB5BF2A003C1D8F /* HeaderView.swift in Sources */,
				EBDE593C2ABE027100A15330 /* Constants.swift in Sources */,
			);
			runOnlyForDeploymentPostprocessing = 0;
		};
/* End PBXSourcesBuildPhase section */

/* Begin PBXVariantGroup section */
		EB55F6E92AB53C60003C1D8F /* Main.storyboard */ = {
			isa = PBXVariantGroup;
			children = (
				EB55F6EA2AB53C60003C1D8F /* Base */,
			);
			name = Main.storyboard;
			sourceTree = "<group>";
		};
		EB55F6EE2AB53C63003C1D8F /* LaunchScreen.storyboard */ = {
			isa = PBXVariantGroup;
			children = (
				EB55F6EF2AB53C63003C1D8F /* Base */,
			);
			name = LaunchScreen.storyboard;
			sourceTree = "<group>";
		};
/* End PBXVariantGroup section */

/* Begin XCBuildConfiguration section */
		EB55F6F22AB53C63003C1D8F /* Debug */ = {
			isa = XCBuildConfiguration;
			buildSettings = {
				ALWAYS_SEARCH_USER_PATHS = NO;
				CLANG_ANALYZER_NONNULL = YES;
				CLANG_ANALYZER_NUMBER_OBJECT_CONVERSION = YES_AGGRESSIVE;
				CLANG_CXX_LANGUAGE_STANDARD = "gnu++20";
				CLANG_ENABLE_MODULES = YES;
				CLANG_ENABLE_OBJC_ARC = YES;
				CLANG_ENABLE_OBJC_WEAK = YES;
				CLANG_WARN_BLOCK_CAPTURE_AUTORELEASING = YES;
				CLANG_WARN_BOOL_CONVERSION = YES;
				CLANG_WARN_COMMA = YES;
				CLANG_WARN_CONSTANT_CONVERSION = YES;
				CLANG_WARN_DEPRECATED_OBJC_IMPLEMENTATIONS = YES;
				CLANG_WARN_DIRECT_OBJC_ISA_USAGE = YES_ERROR;
				CLANG_WARN_DOCUMENTATION_COMMENTS = YES;
				CLANG_WARN_EMPTY_BODY = YES;
				CLANG_WARN_ENUM_CONVERSION = YES;
				CLANG_WARN_INFINITE_RECURSION = YES;
				CLANG_WARN_INT_CONVERSION = YES;
				CLANG_WARN_NON_LITERAL_NULL_CONVERSION = YES;
				CLANG_WARN_OBJC_IMPLICIT_RETAIN_SELF = YES;
				CLANG_WARN_OBJC_LITERAL_CONVERSION = YES;
				CLANG_WARN_OBJC_ROOT_CLASS = YES_ERROR;
				CLANG_WARN_QUOTED_INCLUDE_IN_FRAMEWORK_HEADER = YES;
				CLANG_WARN_RANGE_LOOP_ANALYSIS = YES;
				CLANG_WARN_STRICT_PROTOTYPES = YES;
				CLANG_WARN_SUSPICIOUS_MOVE = YES;
				CLANG_WARN_UNGUARDED_AVAILABILITY = YES_AGGRESSIVE;
				CLANG_WARN_UNREACHABLE_CODE = YES;
				CLANG_WARN__DUPLICATE_METHOD_MATCH = YES;
				COPY_PHASE_STRIP = NO;
				DEBUG_INFORMATION_FORMAT = dwarf;
				ENABLE_STRICT_OBJC_MSGSEND = YES;
				ENABLE_TESTABILITY = YES;
				GCC_C_LANGUAGE_STANDARD = gnu11;
				GCC_DYNAMIC_NO_PIC = NO;
				GCC_NO_COMMON_BLOCKS = YES;
				GCC_OPTIMIZATION_LEVEL = 0;
				GCC_PREPROCESSOR_DEFINITIONS = (
					"DEBUG=1",
					"$(inherited)",
				);
				GCC_WARN_64_TO_32_BIT_CONVERSION = YES;
				GCC_WARN_ABOUT_RETURN_TYPE = YES_ERROR;
				GCC_WARN_UNDECLARED_SELECTOR = YES;
				GCC_WARN_UNINITIALIZED_AUTOS = YES_AGGRESSIVE;
				GCC_WARN_UNUSED_FUNCTION = YES;
				GCC_WARN_UNUSED_VARIABLE = YES;
				IPHONEOS_DEPLOYMENT_TARGET = 16.4;
				MTL_ENABLE_DEBUG_INFO = INCLUDE_SOURCE;
				MTL_FAST_MATH = YES;
				ONLY_ACTIVE_ARCH = YES;
				SDKROOT = iphoneos;
				SWIFT_ACTIVE_COMPILATION_CONDITIONS = DEBUG;
				SWIFT_OPTIMIZATION_LEVEL = "-Onone";
			};
			name = Debug;
		};
		EB55F6F32AB53C63003C1D8F /* Release */ = {
			isa = XCBuildConfiguration;
			buildSettings = {
				ALWAYS_SEARCH_USER_PATHS = NO;
				CLANG_ANALYZER_NONNULL = YES;
				CLANG_ANALYZER_NUMBER_OBJECT_CONVERSION = YES_AGGRESSIVE;
				CLANG_CXX_LANGUAGE_STANDARD = "gnu++20";
				CLANG_ENABLE_MODULES = YES;
				CLANG_ENABLE_OBJC_ARC = YES;
				CLANG_ENABLE_OBJC_WEAK = YES;
				CLANG_WARN_BLOCK_CAPTURE_AUTORELEASING = YES;
				CLANG_WARN_BOOL_CONVERSION = YES;
				CLANG_WARN_COMMA = YES;
				CLANG_WARN_CONSTANT_CONVERSION = YES;
				CLANG_WARN_DEPRECATED_OBJC_IMPLEMENTATIONS = YES;
				CLANG_WARN_DIRECT_OBJC_ISA_USAGE = YES_ERROR;
				CLANG_WARN_DOCUMENTATION_COMMENTS = YES;
				CLANG_WARN_EMPTY_BODY = YES;
				CLANG_WARN_ENUM_CONVERSION = YES;
				CLANG_WARN_INFINITE_RECURSION = YES;
				CLANG_WARN_INT_CONVERSION = YES;
				CLANG_WARN_NON_LITERAL_NULL_CONVERSION = YES;
				CLANG_WARN_OBJC_IMPLICIT_RETAIN_SELF = YES;
				CLANG_WARN_OBJC_LITERAL_CONVERSION = YES;
				CLANG_WARN_OBJC_ROOT_CLASS = YES_ERROR;
				CLANG_WARN_QUOTED_INCLUDE_IN_FRAMEWORK_HEADER = YES;
				CLANG_WARN_RANGE_LOOP_ANALYSIS = YES;
				CLANG_WARN_STRICT_PROTOTYPES = YES;
				CLANG_WARN_SUSPICIOUS_MOVE = YES;
				CLANG_WARN_UNGUARDED_AVAILABILITY = YES_AGGRESSIVE;
				CLANG_WARN_UNREACHABLE_CODE = YES;
				CLANG_WARN__DUPLICATE_METHOD_MATCH = YES;
				COPY_PHASE_STRIP = NO;
				DEBUG_INFORMATION_FORMAT = "dwarf-with-dsym";
				ENABLE_NS_ASSERTIONS = NO;
				ENABLE_STRICT_OBJC_MSGSEND = YES;
				GCC_C_LANGUAGE_STANDARD = gnu11;
				GCC_NO_COMMON_BLOCKS = YES;
				GCC_WARN_64_TO_32_BIT_CONVERSION = YES;
				GCC_WARN_ABOUT_RETURN_TYPE = YES_ERROR;
				GCC_WARN_UNDECLARED_SELECTOR = YES;
				GCC_WARN_UNINITIALIZED_AUTOS = YES_AGGRESSIVE;
				GCC_WARN_UNUSED_FUNCTION = YES;
				GCC_WARN_UNUSED_VARIABLE = YES;
				IPHONEOS_DEPLOYMENT_TARGET = 16.4;
				MTL_ENABLE_DEBUG_INFO = NO;
				MTL_FAST_MATH = YES;
				SDKROOT = iphoneos;
				SWIFT_COMPILATION_MODE = wholemodule;
				SWIFT_OPTIMIZATION_LEVEL = "-O";
				VALIDATE_PRODUCT = YES;
			};
			name = Release;
		};
		EB55F6F52AB53C63003C1D8F /* Debug */ = {
			isa = XCBuildConfiguration;
			buildSettings = {
				ASSETCATALOG_COMPILER_APPICON_NAME = AppIcon;
				ASSETCATALOG_COMPILER_GLOBAL_ACCENT_COLOR_NAME = AccentColor;
				CODE_SIGN_STYLE = Manual;
				CURRENT_PROJECT_VERSION = 1;
				DEVELOPMENT_TEAM = "";
				GENERATE_INFOPLIST_FILE = YES;
				INFOPLIST_FILE = Movies/Info.plist;
				INFOPLIST_KEY_UIApplicationSupportsIndirectInputEvents = YES;
				INFOPLIST_KEY_UILaunchStoryboardName = LaunchScreen;
				INFOPLIST_KEY_UIMainStoryboardFile = Main;
				INFOPLIST_KEY_UISupportedInterfaceOrientations_iPad = "UIInterfaceOrientationPortrait UIInterfaceOrientationPortraitUpsideDown UIInterfaceOrientationLandscapeLeft UIInterfaceOrientationLandscapeRight";
				INFOPLIST_KEY_UISupportedInterfaceOrientations_iPhone = "UIInterfaceOrientationPortrait UIInterfaceOrientationLandscapeLeft UIInterfaceOrientationLandscapeRight";
				LD_RUNPATH_SEARCH_PATHS = (
					"$(inherited)",
					"@executable_path/Frameworks",
				);
				MARKETING_VERSION = 1.0;
				PRODUCT_BUNDLE_IDENTIFIER = com.cricbuzz.Movies;
				PRODUCT_NAME = "$(TARGET_NAME)";
				PROVISIONING_PROFILE_SPECIFIER = "";
				SWIFT_EMIT_LOC_STRINGS = YES;
				SWIFT_VERSION = 5.0;
				TARGETED_DEVICE_FAMILY = "1,2";
			};
			name = Debug;
		};
		EB55F6F62AB53C63003C1D8F /* Release */ = {
			isa = XCBuildConfiguration;
			buildSettings = {
				ASSETCATALOG_COMPILER_APPICON_NAME = AppIcon;
				ASSETCATALOG_COMPILER_GLOBAL_ACCENT_COLOR_NAME = AccentColor;
				CODE_SIGN_STYLE = Manual;
				CURRENT_PROJECT_VERSION = 1;
				DEVELOPMENT_TEAM = "";
				GENERATE_INFOPLIST_FILE = YES;
				INFOPLIST_FILE = Movies/Info.plist;
				INFOPLIST_KEY_UIApplicationSupportsIndirectInputEvents = YES;
				INFOPLIST_KEY_UILaunchStoryboardName = LaunchScreen;
				INFOPLIST_KEY_UIMainStoryboardFile = Main;
				INFOPLIST_KEY_UISupportedInterfaceOrientations_iPad = "UIInterfaceOrientationPortrait UIInterfaceOrientationPortraitUpsideDown UIInterfaceOrientationLandscapeLeft UIInterfaceOrientationLandscapeRight";
				INFOPLIST_KEY_UISupportedInterfaceOrientations_iPhone = "UIInterfaceOrientationPortrait UIInterfaceOrientationLandscapeLeft UIInterfaceOrientationLandscapeRight";
				LD_RUNPATH_SEARCH_PATHS = (
					"$(inherited)",
					"@executable_path/Frameworks",
				);
				MARKETING_VERSION = 1.0;
				PRODUCT_BUNDLE_IDENTIFIER = com.cricbuzz.Movies;
				PRODUCT_NAME = "$(TARGET_NAME)";
				PROVISIONING_PROFILE_SPECIFIER = "";
				SWIFT_EMIT_LOC_STRINGS = YES;
				SWIFT_VERSION = 5.0;
				TARGETED_DEVICE_FAMILY = "1,2";
			};
			name = Release;
		};
/* End XCBuildConfiguration section */

/* Begin XCConfigurationList section */
		EB55F6DB2AB53C60003C1D8F /* Build configuration list for PBXProject "Movies" */ = {
			isa = XCConfigurationList;
			buildConfigurations = (
				EB55F6F22AB53C63003C1D8F /* Debug */,
				EB55F6F32AB53C63003C1D8F /* Release */,
			);
			defaultConfigurationIsVisible = 0;
			defaultConfigurationName = Release;
		};
		EB55F6F42AB53C63003C1D8F /* Build configuration list for PBXNativeTarget "Movies" */ = {
			isa = XCConfigurationList;
			buildConfigurations = (
				EB55F6F52AB53C63003C1D8F /* Debug */,
				EB55F6F62AB53C63003C1D8F /* Release */,
			);
			defaultConfigurationIsVisible = 0;
			defaultConfigurationName = Release;
		};
/* End XCConfigurationList section */
	};
	rootObject = EB55F6D82AB53C60003C1D8F /* Project object */;
}
